
Microsoft Visual Studio Solution File, Format Version 12.00
# Visual Studio Version 17
VisualStudioVersion = 17.14.36327.8
MinimumVisualStudioVersion = 10.0.40219.1
Project("{FAE04EC0-301F-11D3-BF4B-00C04F79EFBC}") = "SiteMapDotNetTest", "SiteMapNetCoreTest\SiteMapDotNetTest.csproj", "{01FC6D6A-D06A-4C7D-9944-CE2D4A630347}"
EndProject
Project("{FAE04EC0-301F-11D3-BF4B-00C04F79EFBC}") = "SiteMapDotNet", "SiteMapNetCore\SiteMapDotNet.csproj", "{6072BD54-FC57-DCC7-A9C5-DF62595911F9}"
EndProject
Global
	GlobalSection(SolutionConfigurationPlatforms) = preSolution
		Debug|Any CPU = Debug|Any CPU
		Release|Any CPU = Release|Any CPU
	EndGlobalSection
	GlobalSection(ProjectConfigurationPlatforms) = postSolution
		{01FC6D6A-D06A-4C7D-9944-CE2D4A630347}.Debug|Any CPU.ActiveCfg = Debug|Any CPU
		{01FC6D6A-D06A-4C7D-9944-CE2D4A630347}.Debug|Any CPU.Build.0 = Debug|Any CPU
		{01FC6D6A-D06A-4C7D-9944-CE2D4A630347}.Release|Any CPU.ActiveCfg = Release|Any CPU
		{01FC6D6A-D06A-4C7D-9944-CE2D4A630347}.Release|Any CPU.Build.0 = Release|Any CPU
		{6072BD54-FC57-DCC7-A9C5-DF62595911F9}.Debug|Any CPU.ActiveCfg = Debug|Any CPU
		{6072BD54-FC57-DCC7-A9C5-DF62595911F9}.Debug|Any CPU.Build.0 = Debug|Any CPU
		{6072BD54-FC57-DCC7-A9C5-DF62595911F9}.Release|Any CPU.ActiveCfg = Release|Any CPU
		{6072BD54-FC57-DCC7-A9C5-DF62595911F9}.Release|Any CPU.Build.0 = Release|Any CPU
	EndGlobalSection
	GlobalSection(SolutionProperties) = preSolution
		HideSolutionNode = FALSE
	EndGlobalSection
	GlobalSection(ExtensibilityGlobals) = postSolution
		SolutionGuid = {29998A92-6031-48D4-8CA8-BBAC80B20679}
	EndGlobalSection
EndGlobal
