
Microsoft Visual Studio Solution File, Format Version 12.00
# Visual Studio Version 17
VisualStudioVersion = 17.14.36327.8
MinimumVisualStudioVersion = 10.0.40219.1
Project("{FAE04EC0-301F-11D3-BF4B-00C04F79EFBC}") = "SiteMapDotNet", "SiteMapDotNet\SiteMapDotNet.csproj", "{647E3CE6-F4AA-D9E0-0D21-CA072D64673A}"
EndProject
Project("{FAE04EC0-301F-11D3-BF4B-00C04F79EFBC}") = "SiteMapDotNetTest", "SiteMapDotNetTest\SiteMapDotNetTest.csproj", "{A32FFFAE-09E5-8510-510C-83A5E0D147D6}"
EndProject
Global
	GlobalSection(SolutionConfigurationPlatforms) = preSolution
		Debug|Any CPU = Debug|Any CPU
		Release|Any CPU = Release|Any CPU
	EndGlobalSection
	GlobalSection(ProjectConfigurationPlatforms) = postSolution
		{647E3CE6-F4AA-D9E0-0D21-CA072D64673A}.Debug|Any CPU.ActiveCfg = Debug|Any CPU
		{647E3CE6-F4AA-D9E0-0D21-CA072D64673A}.Debug|Any CPU.Build.0 = Debug|Any CPU
		{647E3CE6-F4AA-D9E0-0D21-CA072D64673A}.Release|Any CPU.ActiveCfg = Release|Any CPU
		{647E3CE6-F4AA-D9E0-0D21-CA072D64673A}.Release|Any CPU.Build.0 = Release|Any CPU
		{A32FFFAE-09E5-8510-510C-83A5E0D147D6}.Debug|Any CPU.ActiveCfg = Debug|Any CPU
		{A32FFFAE-09E5-8510-510C-83A5E0D147D6}.Debug|Any CPU.Build.0 = Debug|Any CPU
		{A32FFFAE-09E5-8510-510C-83A5E0D147D6}.Release|Any CPU.ActiveCfg = Release|Any CPU
		{A32FFFAE-09E5-8510-510C-83A5E0D147D6}.Release|Any CPU.Build.0 = Release|Any CPU
	EndGlobalSection
	GlobalSection(SolutionProperties) = preSolution
		HideSolutionNode = FALSE
	EndGlobalSection
	GlobalSection(ExtensibilityGlobals) = postSolution
		SolutionGuid = {29998A92-6031-48D4-8CA8-BBAC80B20679}
	EndGlobalSection
EndGlobal
